code.cloudfoundry.org/bytefmt v0.0.0-20200131002437-cf55d5288a48 h1:/EMHruHCFXR9xClkGV/t0rmHrdhX4+trQUcBqjwc9xE=
code.cloudfoundry.org/bytefmt v0.0.0-20200131002437-cf55d5288a48/go.mod h1:wN/zk7mhREp/oviagqUXY3EwuHhWyOvAdsn5Y4CzOrc=
github.com/DanielOaks/go-idn v0.0.0-20160120021903-76db0e10dc65/go.mod h1:GYIaL2hleNQvfMUBTes1Zd/lDTyI/p2hv3kYB4jssyU=
github.com/GehirnInc/crypt v0.0.0-20200316065508-bb7000b8a962 h1:KeNholpO2xKjgaaSyd+DyQRrsQjhbSeS7qe4nEw8aQw=
github.com/GehirnInc/crypt v0.0.0-20200316065508-bb7000b8a962/go.mod h1:kC29dT1vFpj7py2OvG1khBdQpo3kInWP+6QipLbdngo=
github.com/davecgh/go-spew v1.1.0 h1:ZDRjVQ15GmhC3fiQ8ni8+OwkZQO4DARzQgrnXU1Liz8=
github.com/davecgh/go-spew v1.1.0/go.mod h1:J7Y8YcW2NihsgmVo/mv3lAwl/skON4iLHjSsI+c5H38=
github.com/dgrijalva/jwt-go v3.2.0+incompatible h1:7qlOGliEKZXTDg6OTjfoBKDXWrumCAMpl/TFQ4/5kLM=
github.com/dgrijalva/jwt-go v3.2.0+incompatible/go.mod h1:E3ru+11k8xSBh+hMPgOLZmtrrCbhqsmaPHjLKYnJCaQ=
github.com/docopt/docopt-go v0.0.0-20180111231733-ee0de3bc6815 h1:bWDMxwH3px2JBh6AyO7hdCn/PkvCZXii8TGj7sbtEbQ=
github.com/docopt/docopt-go v0.0.0-20180111231733-ee0de3bc6815/go.mod h1:WwZ+bS3ebgob9U8Nd0kOddGdZWjyMGR8Wziv+TBNwSE=
github.com/ergochat/confusables v0.0.0-20201108231250-4ab98ab61fb1 h1:WLHTOodthVyv5NvYLIvWl112kSFv5IInKKrRN2qpons=
github.com/ergochat/confusables v0.0.0-20201108231250-4ab98ab61fb1/go.mod h1:mov+uh1DPWsltdQnOdzn08UO9GsJ3MEvhtu0Ci37fdk=
github.com/ergochat/go-ident v0.0.0-20200511222032-830550b1d775 h1:QSJIdpr3HOzJDPwxT7hp7WbjoZcS+5GqVvsBscqChk0=
github.com/ergochat/go-ident v0.0.0-20200511222032-830550b1d775/go.mod h1:d2qvgjD0TvGNSvUs+mZgX090RiJlrzUYW6vtANGOy3A=
github.com/ergochat/websocket v1.4.2-oragono1 h1:plMUunFBM6UoSCIYCKKclTdy/TkkHfUslhOfJQzfueM=
github.com/ergochat/websocket v1.4.2-oragono1/go.mod h1:YR8l580nyteQvAITg2hZ9XVh4b55+EU/adAjf1fMHhE=
github.com/fsnotify/fsnotify v1.4.7 h1:IXs+QLmnXW2CcXuY+8Mzv/fWEsPGWxqefPtCP5CnV9I=
github.com/fsnotify/fsnotify v1.4.7/go.mod h1:jwhsz4b93w/PPRr/qN1Yymfu8t87LnFCMoQvtojpjFo=
github.com/go-sql-driver/mysql v1.5.0 h1:ozyZYNQW3x3HtqT1jira07DN2PArx2v7/mN66gGcHOs=
github.com/go-sql-driver/mysql v1.5.0/go.mod h1:DCzpHaOWr8IXmIStZouvnhqoel9Qv2LBy8hT2VhHyBg=
github.com/go-sql-driver/mysql v1.6.0 h1:BCTh4TKNUYmOmMUcQ3IipzF5prigylS7XXjEkfCHuOE=
github.com/go-sql-driver/mysql v1.6.0/go.mod h1:DCzpHaOWr8IXmIStZouvnhqoel9Qv2LBy8hT2VhHyBg=
github.com/go-test/deep v1.0.6 h1:UHSEyLZUwX9Qoi99vVwvewiMC8mM2bf7XEM2nqvzEn8=
github.com/go-test/deep v1.0.6/go.mod h1:QV8Hv/iy04NyLBxAdO9njL0iVPN1S4d/A3NVv1V36o8=
github.com/golang/protobuf v1.2.0 h1:P3YflyNX/ehuJFLhxviNdFxQPkGK5cDcApsge1SqnvM=
github.com/golang/protobuf v1.2.0/go.mod h1:6lQm79b+lXiMfvg/cZm0SGofjICqVBUtrP5yJMmIC1U=
github.com/gorilla/websocket v1.4.2 h1:+/TMaTYc4QFitKJxsQ7Yye35DkWvkdLcvGKqM+x0Ufc=
github.com/gorilla/websocket v1.4.2/go.mod h1:YR8l580nyteQvAITg2hZ9XVh4b55+EU/adAjf1fMHhE=
github.com/goshuirc/eventmgr v0.0.0-20170615162049-060479027c93/go.mod h1:bjJFM4iZJWTf9Rka9sNuI3GxszJqFeu5r1r15ZVtemo=
github.com/goshuirc/irc-go v0.0.0-20201116034710-7e7b0985c4b5 h1:oqOT5hi8MRDGvfu4h7rlsrtper7I/0A41K0GppmBb5w=
github.com/goshuirc/irc-go v0.0.0-20201116034710-7e7b0985c4b5/go.mod h1:q/JhvvKLmif3y9q8MDQM+gRCnjEKnu5ClF298TTXJug=
github.com/goshuirc/irc-go v0.0.0-20201118022549-7209d10d54a8 h1:7vZqkY9bwimFNuLhWAzdxM9IM7ym853YLNhWsKAnsrQ=
github.com/goshuirc/irc-go v0.0.0-20201118022549-7209d10d54a8/go.mod h1:q/JhvvKLmif3y9q8MDQM+gRCnjEKnu5ClF298TTXJug=
github.com/goshuirc/irc-go v0.0.0-20201228002532-4e36cb3f41f1 h1:Kyyey3K8nhx60lt4xish6NzLqButwqAwDb62UOU3GbE=
github.com/goshuirc/irc-go v0.0.0-20201228002532-4e36cb3f41f1/go.mod h1:q/JhvvKLmif3y9q8MDQM+gRCnjEKnu5ClF298TTXJug=
github.com/goshuirc/irc-go v0.0.0-20210108124156-ec778d0252a5 h1:TXGvyYHJEBluqwI8d0V5/QmSnNxEYIMbfPE36B8CNK8=
github.com/goshuirc/irc-go v0.0.0-20210108124156-ec778d0252a5/go.mod h1:q/JhvvKLmif3y9q8MDQM+gRCnjEKnu5ClF298TTXJug=
github.com/goshuirc/irc-go v0.0.0-20210214005848-fcaabd19f360 h1:ChbmWPZwyfgsZd6zxw7B/4hWJE7ezmb69PezUM9+YA4=
github.com/goshuirc/irc-go v0.0.0-20210214005848-fcaabd19f360/go.mod h1:q/JhvvKLmif3y9q8MDQM+gRCnjEKnu5ClF298TTXJug=
github.com/goshuirc/irc-go v0.0.0-20210214015142-9d703e6ac38a h1:PR1tw21nn93AwKmjEPA7IVHiT+ld9qgO1H32APCMvL0=
github.com/goshuirc/irc-go v0.0.0-20210214015142-9d703e6ac38a/go.mod h1:q/JhvvKLmif3y9q8MDQM+gRCnjEKnu5ClF298TTXJug=
github.com/goshuirc/irc-go v0.0.0-20210215162435-14cd697c0c8c h1:pOTMO5A1nszuxNyKieZa3owgDqCpN1OhOGbBg8EuLzk=
github.com/goshuirc/irc-go v0.0.0-20210215162435-14cd697c0c8c/go.mod h1:q/JhvvKLmif3y9q8MDQM+gRCnjEKnu5ClF298TTXJug=
github.com/goshuirc/irc-go v0.0.0-20210222010959-6e139f6c42e9 h1:A1mSQ0N5Kx8i+aeqeQ0VLbq3swuH0R/JoQcFcR9yUWA=
github.com/goshuirc/irc-go v0.0.0-20210222010959-6e139f6c42e9/go.mod h1:q/JhvvKLmif3y9q8MDQM+gRCnjEKnu5ClF298TTXJug=
github.com/goshuirc/irc-go v0.0.0-20210223005429-8d38e43fc6ed h1:cwwqHrmLafgEucSMC9PmFOA671dc4bEZ5z6FsamnBY8=
github.com/goshuirc/irc-go v0.0.0-20210223005429-8d38e43fc6ed/go.mod h1:q/JhvvKLmif3y9q8MDQM+gRCnjEKnu5ClF298TTXJug=
github.com/goshuirc/irc-go v0.0.0-20210301225436-2c4b83d64847 h1:MmsZRpAsMxyw0P5/SFn2L6edhmIXRlolgXvOF+fgEiQ=
github.com/goshuirc/irc-go v0.0.0-20210301225436-2c4b83d64847/go.mod h1:q/JhvvKLmif3y9q8MDQM+gRCnjEKnu5ClF298TTXJug=
github.com/goshuirc/irc-go v0.0.0-20210304031553-cf78e9176f96 h1:sihI3HsrJWyS4MtBmxh5W4gDZD34SWodkWyUvJltswY=
github.com/goshuirc/irc-go v0.0.0-20210304031553-cf78e9176f96/go.mod h1:q/JhvvKLmif3y9q8MDQM+gRCnjEKnu5ClF298TTXJug=
github.com/goshuirc/irc-go v0.0.0-20210311004346-ea7a188a73fe h1:5UsPgeXJBkFgJK3Ml0nj6ljasjd26xiUxALnDJHmipE=
github.com/goshuirc/irc-go v0.0.0-20210311004346-ea7a188a73fe/go.mod h1:q/JhvvKLmif3y9q8MDQM+gRCnjEKnu5ClF298TTXJug=
github.com/goshuirc/irc-go v0.0.0-20210318074529-bdc2c2cd2fef h1:07e6GcSuNh1BoZJigrvaJSpe2PsYJgkYETOuGKpM2co=
github.com/goshuirc/irc-go v0.0.0-20210318074529-bdc2c2cd2fef/go.mod h1:q/JhvvKLmif3y9q8MDQM+gRCnjEKnu5ClF298TTXJug=
github.com/hpcloud/tail v1.0.0 h1:nfCOvKYfkgYP8hkirhJocXT2+zOD8yUNjXaWfTlyFKI=
github.com/hpcloud/tail v1.0.0/go.mod h1:ab1qPbhIpdTxEkNHXyeSf5vhxWSCs/tWer42PpOxQnU=
github.com/onsi/ginkgo v1.6.0/go.mod h1:lLunBs/Ym6LB5Z9jYTR76FiuTmxDTDusOGeTQH+WWjE=
github.com/onsi/ginkgo v1.12.0 h1:Iw5WCbBcaAAd0fpRb1c9r5YCylv4XDoCSigm1zLevwU=
github.com/onsi/ginkgo v1.12.0/go.mod h1:oUhWkIvk5aDxtKvDDuw8gItl8pKl42LzjC9KZE0HfGg=
github.com/onsi/gomega v1.7.1/go.mod h1:XdKZgCCFLUoM/7CFJVPcG8C1xQ1AJ0vpAezJrB7JYyY=
github.com/onsi/gomega v1.9.0 h1:R1uwffexN6Pr340GtYRIdZmAiN4J+iw6WG4wog1DUXg=
github.com/onsi/gomega v1.9.0/go.mod h1:Ho0h+IUsWyvy1OpqCwxlQ/21gkhVunqlU8fDGcoTdcA=
github.com/oragono/confusables v0.0.0-20201108231250-4ab98ab61fb1 h1:Y87UllAzZJfDbiHTEo9TEiw+YxoW++tGFkkd0Nndkjc=
github.com/oragono/confusables v0.0.0-20201108231250-4ab98ab61fb1/go.mod h1:+uesPRay9e5tW6zhw4CJkRV3QOEbbZIJcsuo9ZnC+hE=
github.com/oragono/go-ident v0.0.0-20200511222032-830550b1d775 h1:AMAsAn/i4AgsmWQYdMoze9omwtHpbxrKuT+AT1LmhtI=
github.com/oragono/go-ident v0.0.0-20200511222032-830550b1d775/go.mod h1:r5Fk840a4eu3ii1kxGDNSJupQu9Z1UC1nfJOZZXC24c=
github.com/oragono/websocket v1.4.2-oragono1 h1:YcbddwFMNDTK+1pQfLq/HIvKe5NPLgl8NFefQUPJZCA=
github.com/oragono/websocket v1.4.2-oragono1/go.mod h1:YR8l580nyteQvAITg2hZ9XVh4b55+EU/adAjf1fMHhE=
github.com/pmezard/go-difflib v1.0.0 h1:4DBwDE0NGyQoBHbLQYPwSUPoCMWR5BEzIk/f1lZbAQM=
github.com/pmezard/go-difflib v1.0.0/go.mod h1:iKH77koFhYxTK1pcRnkKkqfTogsbg7gZNVY4sRDYZ/4=
github.com/stretchr/objx v0.1.0/go.mod h1:HFkY916IF+rwdDfMAkV7OtwuqBVzrE8GR6GFx+wExME=
github.com/stretchr/testify v1.4.0 h1:2E4SXV/wtOkTonXsotYi4li6zVWxYlZuYNCXe9XRJyk=
github.com/stretchr/testify v1.4.0/go.mod h1:j7eGeouHqKxXV5pUuKE4zz7dFj8WfuZ+81PSLYec5m4=
github.com/tidwall/btree v0.2.2 h1:VVo0JW/tdidNdQzNsDR4wMbL3heaxA1DGleyzQ3/niY=
github.com/tidwall/btree v0.2.2/go.mod h1:huei1BkDWJ3/sLXmO+bsCNELL+Bp2Kks9OLyQFkzvA8=
github.com/tidwall/btree v0.4.2 h1:aLwwJlG+InuFzdAPuBf9YCAR1LvSQ9zhC5aorFPlIPs=
github.com/tidwall/btree v0.4.2/go.mod h1:huei1BkDWJ3/sLXmO+bsCNELL+Bp2Kks9OLyQFkzvA8=
github.com/tidwall/buntdb v1.1.4 h1:W7y9+2dM3GOswU0t3pz6+BcwZXjj/tVOhPcO6EHufME=
github.com/tidwall/buntdb v1.1.4/go.mod h1:06+/n7EFf6uUaIG5r9xZcExYN3H0Lnc+g/Kqx0fZFkI=
github.com/tidwall/buntdb v1.2.3 h1:AoGVe4yrhKmnEPHrPrW5EUOATHOCIk4VtFvd8xn/ZtU=
github.com/tidwall/buntdb v1.2.3/go.mod h1:+i/gBwYOHWG19wLgwMXFLkl00twh9+VWkkaOhuNQ4PA=
github.com/tidwall/gjson v1.6.1 h1:LRbvNuNuvAiISWg6gxLEFuCe72UKy5hDqhxW/8183ws=
github.com/tidwall/gjson v1.6.1/go.mod h1:BaHyNc5bjzYkPqgLq7mdVzeiRtULKULXLgZFKsxEHI0=
github.com/tidwall/gjson v1.7.4 h1:19cchw8FOxkG5mdLRkGf9jqIqEyqdZhPqW60XfyFxk8=
github.com/tidwall/gjson v1.7.4/go.mod h1:5/xDoumyyDNerp2U36lyolv46b3uF/9Bu6OfyQ9GImk=
github.com/tidwall/grect v0.0.0-20161006141115-ba9a043346eb h1:5NSYaAdrnblKByzd7XByQEJVT8+9v0W/tIY0Oo4OwrE=
github.com/tidwall/grect v0.0.0-20161006141115-ba9a043346eb/go.mod h1:lKYYLFIr9OIgdgrtgkZ9zgRxRdvPYsExnYBsEAd8W5M=
github.com/tidwall/grect v0.1.1 h1:+kMEkxhoqB7rniVXzMEIA66XwU07STgINqxh+qVIndY=
github.com/tidwall/grect v0.1.1/go.mod h1:CzvbGiFbWUwiJ1JohXLb28McpyBsI00TK9Y6pDWLGRQ=
github.com/tidwall/lotsa v1.0.2/go.mod h1:X6NiU+4yHA3fE3Puvpnn1XMDrFZrE9JO2/w+UMuqgR8=
github.com/tidwall/match v1.0.1 h1:PnKP62LPNxHKTwvHHZZzdOAOCtsJTjo6dZLCwpKm5xc=
github.com/tidwall/match v1.0.1/go.mod h1:LujAq0jyVjBy028G1WhWfIzbpQfMO8bBZ6Tyb0+pL9E=
github.com/tidwall/match v1.0.3 h1:FQUVvBImDutD8wJLN6c5eMzWtjgONK9MwIBCOrUJKeE=
github.com/tidwall/match v1.0.3/go.mod h1:eRSPERbgtNPcGhD8UCthc6PmLEQXEWd3PRB5JTxsfmM=
github.com/tidwall/pretty v1.0.2 h1:Z7S3cePv9Jwm1KwS0513MRaoUe3S01WPbLNV40pwWZU=
github.com/tidwall/pretty v1.0.2/go.mod h1:XNkn88O1ChpSDQmQeStsy+sBenx6DDtFZJxhVysOjyk=
github.com/tidwall/pretty v1.1.0 h1:K3hMW5epkdAVwibsQEfR/7Zj0Qgt4DxtNumTq/VloO8=
github.com/tidwall/pretty v1.1.0/go.mod h1:XNkn88O1ChpSDQmQeStsy+sBenx6DDtFZJxhVysOjyk=
github.com/tidwall/rtred v0.1.2 h1:exmoQtOLvDoO8ud++6LwVsAMTu0KPzLTUrMln8u1yu8=
github.com/tidwall/rtred v0.1.2/go.mod h1:hd69WNXQ5RP9vHd7dqekAz+RIdtfBogmglkZSRxCHFQ=
github.com/tidwall/rtree v0.0.0-20201027154624-32188eeb08a8 h1:BsKSRhu0TDB6Snq8SutN9KQHc6vqHEXJTcAFwyGNius=
github.com/tidwall/rtree v0.0.0-20201027154624-32188eeb08a8/go.mod h1:/h+UnNGt0IhNNJLkGikcdcJqm66zGD/uJGMRxK/9+Ao=
github.com/tidwall/tinyqueue v0.0.0-20180302190814-1e39f5511563 h1:Otn9S136ELckZ3KKDyCkxapfufrqDqwmGjcHfAyXRrE=
github.com/tidwall/tinyqueue v0.0.0-20180302190814-1e39f5511563/go.mod h1:mLqSmt7Dv/CNneF2wfcChfN1rvapyQr01LGKnKex0DQ=
github.com/tidwall/tinyqueue v0.1.1 h1:SpNEvEggbpyN5DIReaJ2/1ndroY8iyEGxPYxoSaymYE=
github.com/tidwall/tinyqueue v0.1.1/go.mod h1:O/QNHwrnjqr6IHItYrzoHAKYhBkLI67Q096fQP5zMYw=
github.com/toorop/go-dkim v0.0.0-20201103131630-e1cd1a0a5208 h1:PM5hJF7HVfNWmCjMdEfbuOBNXSVF2cMFGgQTPdKCbwM=
github.com/toorop/go-dkim v0.0.0-20201103131630-e1cd1a0a5208/go.mod h1:BzWtXXrXzZUvMacR0oF/fbDDgUPO8L36tDMmRAf14ns=
golang.org/x/crypto v0.0.0-20190308221718-c2843e01d9a2/go.mod h1:djNgcEr1/C05ACkg1iLfiJU5Ep61QUkGW8qpdssI0+w=
golang.org/x/crypto v0.0.0-20201016220609-9e8e0b390897 h1:pLI5jrR7OSLijeIDcmRxNmw2api+jEfxLoykJVice/E=
golang.org/x/crypto v0.0.0-20201016220609-9e8e0b390897/go.mod h1:LzIPMQfyMNhhGPhUkYOs5KpL4U8rLKemX1yGLhDgUto=
golang.org/x/crypto v0.0.0-20210415154028-4f45737414dc h1:+q90ECDSAQirdykUN6sPEiBXBsp8Csjcca8Oy7bgLTA=
golang.org/x/crypto v0.0.0-20210415154028-4f45737414dc/go.mod h1:T9bdIzuCu7OtxOm1hfPfRQxPLYneinmdGuTeoZ9dtd4=
golang.org/x/net v0.0.0-20180906233101-161cd47e91fd/go.mod h1:mL1N/T3taQHkDXs73rZJwtUhF3w3ftmwwsq0BUmARs4=
golang.org/x/net v0.0.0-20190404232315-eb5bcb51f2a3 h1:0GoQqolDA55aaLxZyTzK/Y2ePZzZTUrRacwib7cNsYQ=
golang.org/x/net v0.0.0-20190404232315-eb5bcb51f2a3/go.mod h1:t9HGtf8HONx5eT2rtn7q6eTqICYqUVnKs3thJo3Qplg=
golang.org/x/net v0.0.0-20210226172049-e18ecbb05110/go.mod h1:m0MpNAwzfU5UDzcl9v0D8zg8gWTRqZa9RBIspLL5mdg=
golang.org/x/sync v0.0.0-20180314180146-1d60e4601c6f h1:wMNYb4v58l5UBM7MYRLPG6ZhfOqbKu7X5eyFl8ZhKvA=
golang.org/x/sync v0.0.0-20180314180146-1d60e4601c6f/go.mod h1:RxMgew5VJxzue5/jJTE5uejpjVlOe/izrB70Jof72aM=
golang.org/x/sys v0.0.0-20180909124046-d0be0721c37e/go.mod h1:STP8DvDyc/dI5b8T5hshtkjS+E42TnysNCUPdjciGhY=
golang.org/x/sys v0.0.0-20190215142949-d0b11bdaac8a/go.mod h1:STP8DvDyc/dI5b8T5hshtkjS+E42TnysNCUPdjciGhY=
golang.org/x/sys v0.0.0-20190412213103-97732733099d/go.mod h1:h1NjWce9XRLGQEsW7wpKNCjG9DtNlClVuFLEZdDNbEs=
golang.org/x/sys v0.0.0-20191120155948-bd437916bb0e h1:N7DeIrjYszNmSW409R3frPPwglRwMkXSBzwVbkOjLLA=
golang.org/x/sys v0.0.0-20191120155948-bd437916bb0e/go.mod h1:h1NjWce9XRLGQEsW7wpKNCjG9DtNlClVuFLEZdDNbEs=
golang.org/x/sys v0.0.0-20201107080550-4d91cf3a1aaf h1:kt3wY1Lu5MJAnKTfoMR52Cu4gwvna4VTzNOiT8tY73s=
golang.org/x/sys v0.0.0-20201107080550-4d91cf3a1aaf/go.mod h1:h1NjWce9XRLGQEsW7wpKNCjG9DtNlClVuFLEZdDNbEs=
golang.org/x/sys v0.0.0-20201119102817-f84b799fce68 h1:nxC68pudNYkKU6jWhgrqdreuFiOQWj1Fs7T3VrH4Pjw=
golang.org/x/sys v0.0.0-20201119102817-f84b799fce68/go.mod h1:h1NjWce9XRLGQEsW7wpKNCjG9DtNlClVuFLEZdDNbEs=
golang.org/x/term v0.0.0-20201126162022-7de9c90e9dd1 h1:v+OssWQX+hTHEmOBgwxdZxK4zHq3yOs8F9J7mk0PY8E=
golang.org/x/term v0.0.0-20201126162022-7de9c90e9dd1/go.mod h1:bj7SfCRtBDWHUb9snDiAeCFNEtKQo2Wmx5Cou7ajbmo=
golang.org/x/text v0.3.0/go.mod h1:NqM8EUOU14njkJ3fqMW+pc6Ldnwhi/IjpwHt7yyuwOQ=
golang.org/x/text v0.3.2 h1:tW2bmiBqwgJj/UpqtC8EpXEZVYOwU0yG4iWbprSVAcs=
golang.org/x/text v0.3.2/go.mod h1:bEr9sfX3Q8Zfm5fL9x+3itogRgK3+ptLWKqgva+5dAk=
golang.org/x/text v0.3.3/go.mod h1:5Zoc/QRtKVWzQhOtBMvqHzDpF6irO9z98xDceosuGiQ=
golang.org/x/text v0.3.4 h1:0YWbFKbhXG/wIiuHDSKpS0Iy7FSA+u45VtBMfQcFTTc=
golang.org/x/text v0.3.4/go.mod h1:5Zoc/QRtKVWzQhOtBMvqHzDpF6irO9z98xDceosuGiQ=
golang.org/x/text v0.3.6 h1:aRYxNxv6iGQlyVaZmk6ZgYEDa+Jg18DxebPSrd6bg1M=
golang.org/x/text v0.3.6/go.mod h1:5Zoc/QRtKVWzQhOtBMvqHzDpF6irO9z98xDceosuGiQ=
golang.org/x/tools v0.0.0-20180917221912-90fa682c2a6e/go.mod h1:n7NCudcB/nEzxVGmLbDWY5pfWTLqBcC2KZ6jyYvM4mQ=
golang.org/x/xerrors v0.0.0-20190717185122-a985d3407aa7 h1:9zdDQZ7Thm29KFXgAX/+yaf3eVbP7djjWp/dXAppNCc=
golang.org/x/xerrors v0.0.0-20190717185122-a985d3407aa7/go.mod h1:I/5z698sn9Ka8TeJc9MKroUUfqBBauWjQqLJ2OPfmY0=
gopkg.in/check.v1 v0.0.0-20161208181325-20d25e280405 h1:yhCVgyC4o1eVCa2tZl7eS0r+SDo693bJlVdllGtEeKM=
gopkg.in/check.v1 v0.0.0-20161208181325-20d25e280405/go.mod h1:Co6ibVJAznAaIkqp8huTwlJQCZ016jof/cbN4VW5Yz0=
gopkg.in/fsnotify.v1 v1.4.7 h1:xOHLXZwVvI9hhs+cLKq5+I5onOuwQLhQwiu63xxlHs4=
gopkg.in/fsnotify.v1 v1.4.7/go.mod h1:Tz8NjZHkW78fSQdbUxIjBTcgA1z1m8ZHf0WmKUhAMys=
gopkg.in/tomb.v1 v1.0.0-20141024135613-dd632973f1e7 h1:uRGJdciOHaEIrze2W8Q3AKkepLTh2hOroT7a+7czfdQ=
gopkg.in/tomb.v1 v1.0.0-20141024135613-dd632973f1e7/go.mod h1:dt/ZhP58zS4L8KSrWDmTeBkI65Dw0HsyUHuEVlX15mw=
gopkg.in/yaml.v2 v2.2.2/go.mod h1:hI93XBmqTisBFMUTm0b8Fm+jr3Dg1NNxqwp+5A1VGuI=
gopkg.in/yaml.v2 v2.2.4/go.mod h1:hI93XBmqTisBFMUTm0b8Fm+jr3Dg1NNxqwp+5A1VGuI=
gopkg.in/yaml.v2 v2.3.0 h1:clyUAQHOM3G0M3f5vQj7LuJrETvjVot3Z5el9nffUtU=
gopkg.in/yaml.v2 v2.3.0/go.mod h1:hI93XBmqTisBFMUTm0b8Fm+jr3Dg1NNxqwp+5A1VGuI=
gopkg.in/yaml.v2 v2.4.0 h1:D8xgwECY7CYvx+Y2n4sBz93Jn9JRvxdiyyo8CTfuKaY=
gopkg.in/yaml.v2 v2.4.0/go.mod h1:RDklbk79AGWmwhnvt/jBztapEOGDOx6ZbXqjP6csGnQ=
