# This file is autogenerated, do not edit; changes may be undone by the next 'dep ensure'.


[[projects]]
  branch = "master"
  digest = "1:d1a104572273cfb58e801812704dca4fe2eab80f3b0144592a722a76c280c598"
  name = "code.cloudfoundry.org/bytefmt"
  packages = ["."]
  pruneopts = "UT"
  revision = "2aa6f33b730c79971cfc3c742f279195b0abc627"

[[projects]]
  branch = "master"
  digest = "1:289fa52f4d9e9c817a003324bc14e9339b996dbe02b9f6cfc57a9383e5365287"
  name = "github.com/docopt/docopt-go"
  packages = ["."]
  pruneopts = "UT"
  revision = "ee0de3bc6815ee19d4a46c7eb90f829db0e014b1"

[[projects]]
  branch = "master"
  digest = "1:148948635cfd8724af31d43ed024dac11c2b87c27a2a3eeb6c04e7360ab56366"
  name = "github.com/goshuirc/e-nfa"
  packages = ["."]
  pruneopts = "UT"
  revision = "7071788e394065e6456458a5e9cb503cad545154"

[[projects]]
  branch = "master"
  digest = "1:97259f42662dc7333186fea039a1dde8d88695f487a937cc3ebd134c6adaacaf"
  name = "github.com/goshuirc/irc-go"
  packages = [
    "ircfmt",
    "ircmatch",
    "ircmsg",
  ]
  pruneopts = "UT"
  revision = "05ecc95249a0431980388ab092eaebca4c62fab9"

[[projects]]
  digest = "1:c658e84ad3916da105a761660dcaeb01e63416c8ec7bc62256a9b411a05fcd67"
  name = "github.com/mattn/go-colorable"
  packages = ["."]
  pruneopts = "UT"
  revision = "167de6bfdfba052fa6b2d3664c8f5272e23c9072"
  version = "v0.0.9"

[[projects]]
  digest = "1:0981502f9816113c9c8c4ac301583841855c8cf4da8c72f696b3ebedf6d0e4e5"
  name = "github.com/mattn/go-isatty"
  packages = ["."]
  pruneopts = "UT"
  revision = "6ca4dbf54d38eea1a992b3c722a76a5d1c4cb25c"
  version = "v0.0.4"

[[projects]]
  branch = "master"
  digest = "1:2b32af4d2a529083275afc192d1067d8126b578c7a9613b26600e4df9c735155"
  name = "github.com/mgutz/ansi"
  packages = ["."]
  pruneopts = "UT"
  revision = "9520e82c474b0a04dd04f8a40959027271bab992"

[[projects]]
  digest = "1:e7de6e4830c9d4fe1463c09a2ee15ec3eb9455c2ea916044675c413e8a9c6608"
  name = "github.com/oragono/confusables"
  packages = ["."]
  pruneopts = "UT"
  revision = "fe1cf31a24b01cac37194669863df51713e08e54"

[[projects]]
  branch = "master"
  digest = "1:2251e6a17ea4a6eaa708882a1cda837aae3e425edbb190ef39b761ecf15a5c3d"
  name = "github.com/oragono/go-ident"
  packages = ["."]
  pruneopts = "UT"
  revision = "337fed0fd21ad538725cfcb55053ea4cf8056abc"

[[projects]]
  branch = "master"
  digest = "1:3297205be37afe3f25875b99ad48babe2aebb6e0cf61631d6d9851ecb266370e"
  name = "github.com/tidwall/btree"
  packages = ["."]
  pruneopts = "UT"
  revision = "9876f1454cf0993a53d74c27196993e345f50dd1"

[[projects]]
  digest = "1:0d52ec71bbf60ef362ba12db486a7639acdc09e703c93c36c43a7844d071b1ce"
  name = "github.com/tidwall/buntdb"
  packages = ["."]
  pruneopts = "UT"
  revision = "2da7c106683f522198cdf55ed8db42b374de50d7"
  version = "v1.0.0"

[[projects]]
  digest = "1:7df351557a6d5c30804e7d6f7ed87f2fccb0619c08fcc84869a93f22bec96c11"
  name = "github.com/tidwall/gjson"
  packages = ["."]
  pruneopts = "UT"
  revision = "eee0b6226f0d1db2675a176fdfaa8419bcad4ca8"
  version = "v1.2.1"

[[projects]]
  branch = "master"
  digest = "1:403222dac436240f4a747c4ced09c1d5884082d920f151ea6c19abf7a75d4e7c"
  name = "github.com/tidwall/grect"
  packages = ["."]
  pruneopts = "UT"
  revision = "ba9a043346eba55344e40d66a5e74cfda3a9d293"

[[projects]]
  digest = "1:8453ddbed197809ee8ca28b06bd04e127bec9912deb4ba451fea7a1eca578328"
  name = "github.com/tidwall/match"
  packages = ["."]
  pruneopts = "UT"
  revision = "33827db735fff6510490d69a8622612558a557ed"
  version = "v1.0.1"

[[projects]]
  branch = "master"
  digest = "1:88611438dc87bda5862e2d12d8e901bac8ebfd4a9034a896d2f69835360439a7"
  name = "github.com/tidwall/pretty"
  packages = ["."]
  pruneopts = "UT"
  revision = "65a9db5fad5105a89e17f38adcc9878685be6d78"

[[projects]]
  branch = "master"
  digest = "1:54fec16397c72e6ecb5e61309e369517d4ea7aaee4d97454c36075539039ad85"
  name = "github.com/tidwall/rtree"
  packages = [
    ".",
    "base",
  ]
  pruneopts = "UT"
  revision = "6cd427091e0e662cb4f8e2c9eb1a41e1c46ff0d3"

[[projects]]
  branch = "master"
  digest = "1:1b885e925ee7c05565b3178a4fa818bf33885878344d8629ac433a5db99d58e4"
  name = "github.com/tidwall/tinyqueue"
  packages = ["."]
  pruneopts = "UT"
  revision = "1e39f55115634cad2c504631c8bfcc292f2c9c55"

[[projects]]
  branch = "master"
  digest = "1:67305bd1b1258ec12fe9dd5b2e19e8278f6a7d2a79cdb058afaee64cec8a1818"
  name = "golang.org/x/crypto"
  packages = [
    "bcrypt",
    "blowfish",
    "sha3",
    "ssh/terminal",
  ]
  pruneopts = "UT"
  revision = "74369b46fc6756741c016591724fd1cb8e26845f"

[[projects]]
  branch = "master"
  digest = "1:0d703f14f9bbbe1070ff0ce86d749dcbc9d68fb0ae554252c09bd4bb37a072e7"
  name = "golang.org/x/sys"
  packages = [
    "unix",
    "windows",
  ]
  pruneopts = "UT"
  revision = "d0b11bdaac8adb652bff00e49bcacf992835621a"

[[projects]]
  digest = "1:2b43038ba580394ec711455c92dc9c89f3c29ad758136afe6aef01685ef3b557"
  name = "golang.org/x/text"
  packages = [
    "cases",
    "collate",
    "collate/build",
    "internal",
    "internal/colltab",
    "internal/gen",
    "internal/tag",
    "internal/triegen",
    "internal/ucd",
    "language",
    "runes",
    "secure/bidirule",
    "secure/precis",
    "transform",
    "unicode/bidi",
    "unicode/cldr",
    "unicode/norm",
    "unicode/rangetable",
    "width",
  ]
  pruneopts = "UT"
  revision = "f21a4dfb5e38f5895301dc265a8def02365cc3d0"
  version = "v0.3.0"

[[projects]]
  digest = "1:4d2e5a73dc1500038e504a8d78b986630e3626dc027bc030ba5c75da257cdb96"
  name = "gopkg.in/yaml.v2"
  packages = ["."]
  pruneopts = "UT"
  revision = "51d6538a90f86fe93ac480b35f37b2be17fef232"
  version = "v2.2.2"

[solve-meta]
  analyzer-name = "dep"
  analyzer-version = 1
  input-imports = [
    "code.cloudfoundry.org/bytefmt",
    "github.com/docopt/docopt-go",
    "github.com/goshuirc/irc-go/ircfmt",
    "github.com/goshuirc/irc-go/ircmatch",
    "github.com/goshuirc/irc-go/ircmsg",
    "github.com/mattn/go-colorable",
    "github.com/mgutz/ansi",
    "github.com/oragono/confusables",
    "github.com/oragono/go-ident",
    "github.com/tidwall/buntdb",
    "golang.org/x/crypto/bcrypt",
    "golang.org/x/crypto/sha3",
    "golang.org/x/crypto/ssh/terminal",
    "golang.org/x/text/cases",
    "golang.org/x/text/language",
    "golang.org/x/text/secure/precis",
    "golang.org/x/text/width",
    "gopkg.in/yaml.v2",
  ]
  solver-name = "gps-cdcl"
  solver-version = 1
